
Microsoft Visual Studio Solution File, Format Version 12.00
# Visual Studio Version 16
VisualStudioVersion = 16.0.31005.135
MinimumVisualStudioVersion = 10.0.40219.1
Project("{9A19103F-16F7-4668-BE54-9A1E7A4F7556}") = "Boggle", "Boggle\Boggle.csproj", "{7C0555AC-C4B7-4AD3-A987-88B5482D3AC3}"
EndProject
Project("{9A19103F-16F7-4668-BE54-9A1E7A4F7556}") = "Boggle.Core", "Boggle.Core\Boggle.Core.csproj", "{3C9C6DEE-4F05-439A-AFA7-52AF18852D07}"
EndProject
Project("{9A19103F-16F7-4668-BE54-9A1E7A4F7556}") = "Boggle.Solvers", "Boggle.Solvers\Boggle.Solvers.csproj", "{AC8C98A1-8556-43FF-802A-C338CF6AF379}"
EndProject
Global
	GlobalSection(SolutionConfigurationPlatforms) = preSolution
		Debug|Any CPU = Debug|Any CPU
		Release|Any CPU = Release|Any CPU
	EndGlobalSection
	GlobalSection(ProjectConfigurationPlatforms) = postSolution
		{7C0555AC-C4B7-4AD3-A987-88B5482D3AC3}.Debug|Any CPU.ActiveCfg = Debug|Any CPU
		{7C0555AC-C4B7-4AD3-A987-88B5482D3AC3}.Debug|Any CPU.Build.0 = Debug|Any CPU
		{7C0555AC-C4B7-4AD3-A987-88B5482D3AC3}.Release|Any CPU.ActiveCfg = Release|Any CPU
		{7C0555AC-C4B7-4AD3-A987-88B5482D3AC3}.Release|Any CPU.Build.0 = Release|Any CPU
		{3C9C6DEE-4F05-439A-AFA7-52AF18852D07}.Debug|Any CPU.ActiveCfg = Debug|Any CPU
		{3C9C6DEE-4F05-439A-AFA7-52AF18852D07}.Debug|Any CPU.Build.0 = Debug|Any CPU
		{3C9C6DEE-4F05-439A-AFA7-52AF18852D07}.Release|Any CPU.ActiveCfg = Release|Any CPU
		{3C9C6DEE-4F05-439A-AFA7-52AF18852D07}.Release|Any CPU.Build.0 = Release|Any CPU
		{AC8C98A1-8556-43FF-802A-C338CF6AF379}.Debug|Any CPU.ActiveCfg = Debug|Any CPU
		{AC8C98A1-8556-43FF-802A-C338CF6AF379}.Debug|Any CPU.Build.0 = Debug|Any CPU
		{AC8C98A1-8556-43FF-802A-C338CF6AF379}.Release|Any CPU.ActiveCfg = Release|Any CPU
		{AC8C98A1-8556-43FF-802A-C338CF6AF379}.Release|Any CPU.Build.0 = Release|Any CPU
	EndGlobalSection
	GlobalSection(SolutionProperties) = preSolution
		HideSolutionNode = FALSE
	EndGlobalSection
	GlobalSection(ExtensibilityGlobals) = postSolution
		SolutionGuid = {D8E199A4-E021-44F7-8AB2-4B8FF209BD8F}
	EndGlobalSection
EndGlobal
